// !$*UTF8*$!
{
	archiveVersion = 1;
	classes = {
	};
	objectVersion = 50;
	objects = {

/* Begin PBXBuildFile section */
		D23BAF0F25956D07001EB217 /* fillable781v3.pdf in Resources */ = {isa = PBXBuildFile; fileRef = D23BAF0E25956D07001EB217 /* fillable781v3.pdf */; };
		D23BAF1A25958B86001EB217 /* TestView.swift in Sources */ = {isa = PBXBuildFile; fileRef = D23BAF1925958B86001EB217 /* TestView.swift */; };
		D2429FDE2595CF1600EB4A09 /* DevicesForPreview.swift in Sources */ = {isa = PBXBuildFile; fileRef = D2429FDD2595CF1600EB4A09 /* DevicesForPreview.swift */; };
		D2A709462597A51400E7B122 /* AircrewData+CoreDataClass.swift in Sources */ = {isa = PBXBuildFile; fileRef = D2A709402597A51400E7B122 /* AircrewData+CoreDataClass.swift */; };
		D2A709472597A51400E7B122 /* AircrewData+CoreDataProperties.swift in Sources */ = {isa = PBXBuildFile; fileRef = D2A709412597A51400E7B122 /* AircrewData+CoreDataProperties.swift */; };
		D2A709482597A51400E7B122 /* Form781+CoreDataClass.swift in Sources */ = {isa = PBXBuildFile; fileRef = D2A709422597A51400E7B122 /* Form781+CoreDataClass.swift */; };
		D2A709492597A51400E7B122 /* Form781+CoreDataProperties.swift in Sources */ = {isa = PBXBuildFile; fileRef = D2A709432597A51400E7B122 /* Form781+CoreDataProperties.swift */; };
		D2A7094A2597A51400E7B122 /* Flight+CoreDataClass.swift in Sources */ = {isa = PBXBuildFile; fileRef = D2A709442597A51400E7B122 /* Flight+CoreDataClass.swift */; };
		D2A7094B2597A51400E7B122 /* Flight+CoreDataProperties.swift in Sources */ = {isa = PBXBuildFile; fileRef = D2A709452597A51400E7B122 /* Flight+CoreDataProperties.swift */; };
		D2AEA8272592DB1E0099D97B /* PBLiOSApp.swift in Sources */ = {isa = PBXBuildFile; fileRef = D2AEA8262592DB1E0099D97B /* PBLiOSApp.swift */; };
		D2AEA8292592DB1E0099D97B /* ContentView.swift in Sources */ = {isa = PBXBuildFile; fileRef = D2AEA8282592DB1E0099D97B /* ContentView.swift */; };
		D2AEA82B2592DB200099D97B /* Assets.xcassets in Resources */ = {isa = PBXBuildFile; fileRef = D2AEA82A2592DB200099D97B /* Assets.xcassets */; };
		D2AEA82E2592DB200099D97B /* Preview Assets.xcassets in Resources */ = {isa = PBXBuildFile; fileRef = D2AEA82D2592DB200099D97B /* Preview Assets.xcassets */; };
		D2AEA8302592DB200099D97B /* Persistence.swift in Sources */ = {isa = PBXBuildFile; fileRef = D2AEA82F2592DB200099D97B /* Persistence.swift */; };
		D2AEA8332592DB200099D97B /* PBLiOS.xcdatamodeld in Sources */ = {isa = PBXBuildFile; fileRef = D2AEA8312592DB200099D97B /* PBLiOS.xcdatamodeld */; };
		D2AEA83E2592DB200099D97B /* PBLiOSTests.swift in Sources */ = {isa = PBXBuildFile; fileRef = D2AEA83D2592DB200099D97B /* PBLiOSTests.swift */; };
		D2AEA8492592DB210099D97B /* PBLiOSUITests.swift in Sources */ = {isa = PBXBuildFile; fileRef = D2AEA8482592DB210099D97B /* PBLiOSUITests.swift */; };
		D2B76AB72597B273008FE52D /* FauxData.swift in Sources */ = {isa = PBXBuildFile; fileRef = D2B76AB62597B273008FE52D /* FauxData.swift */; };
		D2BFD69625953269006E9E0D /* DMSans-Bold.ttf in Resources */ = {isa = PBXBuildFile; fileRef = D2BFD69325953269006E9E0D /* DMSans-Bold.ttf */; };
		D2BFD69725953269006E9E0D /* DMSans-Medium.ttf in Resources */ = {isa = PBXBuildFile; fileRef = D2BFD69425953269006E9E0D /* DMSans-Medium.ttf */; };
		D2BFD69825953269006E9E0D /* DMSans-Regular.ttf in Resources */ = {isa = PBXBuildFile; fileRef = D2BFD69525953269006E9E0D /* DMSans-Regular.ttf */; };
		D2BFD6A025953747006E9E0D /* Font.swift in Sources */ = {isa = PBXBuildFile; fileRef = D2BFD69F25953747006E9E0D /* Font.swift */; };
		D2BFD6A625955564006E9E0D /* Fillable781FormView.swift in Sources */ = {isa = PBXBuildFile; fileRef = D2BFD6A525955564006E9E0D /* Fillable781FormView.swift */; };
		D2BFD6AF259555FD006E9E0D /* Constants.swift in Sources */ = {isa = PBXBuildFile; fileRef = D2BFD6AE259555FD006E9E0D /* Constants.swift */; };
		D2BFD6BE25955732006E9E0D /* Date+Ext.swift in Sources */ = {isa = PBXBuildFile; fileRef = D2BFD6BD25955732006E9E0D /* Date+Ext.swift */; };
		D2BFD70825955C78006E9E0D /* AppDelegate.swift in Sources */ = {isa = PBXBuildFile; fileRef = D2BFD70725955C78006E9E0D /* AppDelegate.swift */; };
		D2BFD70D25955E39006E9E0D /* SceneDelegate.swift in Sources */ = {isa = PBXBuildFile; fileRef = D2BFD70C25955E39006E9E0D /* SceneDelegate.swift */; };
		D2D3E5E42597FB2B009DCDFD /* Form781+SwiftUIHelpers.swift in Sources */ = {isa = PBXBuildFile; fileRef = D2D3E5E32597FB2B009DCDFD /* Form781+SwiftUIHelpers.swift */; };
/* End PBXBuildFile section */

/* Begin PBXContainerItemProxy section */
		D2AEA83A2592DB200099D97B /* PBXContainerItemProxy */ = {
			isa = PBXContainerItemProxy;
			containerPortal = D2AEA81B2592DB1E0099D97B /* Project object */;
			proxyType = 1;
			remoteGlobalIDString = D2AEA8222592DB1E0099D97B;
			remoteInfo = PBLiOS;
		};
		D2AEA8452592DB210099D97B /* PBXContainerItemProxy */ = {
			isa = PBXContainerItemProxy;
			containerPortal = D2AEA81B2592DB1E0099D97B /* Project object */;
			proxyType = 1;
			remoteGlobalIDString = D2AEA8222592DB1E0099D97B;
			remoteInfo = PBLiOS;
		};
/* End PBXContainerItemProxy section */

/* Begin PBXFileReference section */
		D23BAF0E25956D07001EB217 /* fillable781v3.pdf */ = {isa = PBXFileReference; lastKnownFileType = image.pdf; path = fillable781v3.pdf; sourceTree = "<group>"; };
		D23BAF1925958B86001EB217 /* TestView.swift */ = {isa = PBXFileReference; lastKnownFileType = sourcecode.swift; path = TestView.swift; sourceTree = "<group>"; };
		D2429FDD2595CF1600EB4A09 /* DevicesForPreview.swift */ = {isa = PBXFileReference; lastKnownFileType = sourcecode.swift; path = DevicesForPreview.swift; sourceTree = "<group>"; };
		D2A709402597A51400E7B122 /* AircrewData+CoreDataClass.swift */ = {isa = PBXFileReference; lastKnownFileType = sourcecode.swift; path = "AircrewData+CoreDataClass.swift"; sourceTree = "<group>"; };
		D2A709412597A51400E7B122 /* AircrewData+CoreDataProperties.swift */ = {isa = PBXFileReference; lastKnownFileType = sourcecode.swift; path = "AircrewData+CoreDataProperties.swift"; sourceTree = "<group>"; };
		D2A709422597A51400E7B122 /* Form781+CoreDataClass.swift */ = {isa = PBXFileReference; lastKnownFileType = sourcecode.swift; path = "Form781+CoreDataClass.swift"; sourceTree = "<group>"; };
		D2A709432597A51400E7B122 /* Form781+CoreDataProperties.swift */ = {isa = PBXFileReference; lastKnownFileType = sourcecode.swift; path = "Form781+CoreDataProperties.swift"; sourceTree = "<group>"; };
		D2A709442597A51400E7B122 /* Flight+CoreDataClass.swift */ = {isa = PBXFileReference; lastKnownFileType = sourcecode.swift; path = "Flight+CoreDataClass.swift"; sourceTree = "<group>"; };
		D2A709452597A51400E7B122 /* Flight+CoreDataProperties.swift */ = {isa = PBXFileReference; lastKnownFileType = sourcecode.swift; path = "Flight+CoreDataProperties.swift"; sourceTree = "<group>"; };
		D2AEA8232592DB1E0099D97B /* PBLiOS.app */ = {isa = PBXFileReference; explicitFileType = wrapper.application; includeInIndex = 0; path = PBLiOS.app; sourceTree = BUILT_PRODUCTS_DIR; };
		D2AEA8262592DB1E0099D97B /* PBLiOSApp.swift */ = {isa = PBXFileReference; lastKnownFileType = sourcecode.swift; path = PBLiOSApp.swift; sourceTree = "<group>"; };
		D2AEA8282592DB1E0099D97B /* ContentView.swift */ = {isa = PBXFileReference; lastKnownFileType = sourcecode.swift; path = ContentView.swift; sourceTree = "<group>"; };
		D2AEA82A2592DB200099D97B /* Assets.xcassets */ = {isa = PBXFileReference; lastKnownFileType = folder.assetcatalog; path = Assets.xcassets; sourceTree = "<group>"; };
		D2AEA82D2592DB200099D97B /* Preview Assets.xcassets */ = {isa = PBXFileReference; lastKnownFileType = folder.assetcatalog; path = "Preview Assets.xcassets"; sourceTree = "<group>"; };
		D2AEA82F2592DB200099D97B /* Persistence.swift */ = {isa = PBXFileReference; lastKnownFileType = sourcecode.swift; path = Persistence.swift; sourceTree = "<group>"; };
		D2AEA8322592DB200099D97B /* PBLiOS.xcdatamodel */ = {isa = PBXFileReference; lastKnownFileType = wrapper.xcdatamodel; path = PBLiOS.xcdatamodel; sourceTree = "<group>"; };
		D2AEA8342592DB200099D97B /* Info.plist */ = {isa = PBXFileReference; lastKnownFileType = text.plist.xml; path = Info.plist; sourceTree = "<group>"; };
		D2AEA8392592DB200099D97B /* PBLiOSTests.xctest */ = {isa = PBXFileReference; explicitFileType = wrapper.cfbundle; includeInIndex = 0; path = PBLiOSTests.xctest; sourceTree = BUILT_PRODUCTS_DIR; };
		D2AEA83D2592DB200099D97B /* PBLiOSTests.swift */ = {isa = PBXFileReference; lastKnownFileType = sourcecode.swift; path = PBLiOSTests.swift; sourceTree = "<group>"; };
		D2AEA83F2592DB200099D97B /* Info.plist */ = {isa = PBXFileReference; lastKnownFileType = text.plist.xml; path = Info.plist; sourceTree = "<group>"; };
		D2AEA8442592DB210099D97B /* PBLiOSUITests.xctest */ = {isa = PBXFileReference; explicitFileType = wrapper.cfbundle; includeInIndex = 0; path = PBLiOSUITests.xctest; sourceTree = BUILT_PRODUCTS_DIR; };
		D2AEA8482592DB210099D97B /* PBLiOSUITests.swift */ = {isa = PBXFileReference; lastKnownFileType = sourcecode.swift; path = PBLiOSUITests.swift; sourceTree = "<group>"; };
		D2AEA84A2592DB210099D97B /* Info.plist */ = {isa = PBXFileReference; lastKnownFileType = text.plist.xml; path = Info.plist; sourceTree = "<group>"; };
		D2B76AB62597B273008FE52D /* FauxData.swift */ = {isa = PBXFileReference; lastKnownFileType = sourcecode.swift; path = FauxData.swift; sourceTree = "<group>"; };
		D2BFD69325953269006E9E0D /* DMSans-Bold.ttf */ = {isa = PBXFileReference; lastKnownFileType = file; name = "DMSans-Bold.ttf"; path = "../../../../../Logging-iOS/Logging/Resources/Fonts/DMSans-Bold.ttf"; sourceTree = "<group>"; };
		D2BFD69425953269006E9E0D /* DMSans-Medium.ttf */ = {isa = PBXFileReference; lastKnownFileType = file; name = "DMSans-Medium.ttf"; path = "../../../../../Logging-iOS/Logging/Resources/Fonts/DMSans-Medium.ttf"; sourceTree = "<group>"; };
		D2BFD69525953269006E9E0D /* DMSans-Regular.ttf */ = {isa = PBXFileReference; lastKnownFileType = file; name = "DMSans-Regular.ttf"; path = "../../../../../Logging-iOS/Logging/Resources/Fonts/DMSans-Regular.ttf"; sourceTree = "<group>"; };
		D2BFD69F25953747006E9E0D /* Font.swift */ = {isa = PBXFileReference; lastKnownFileType = sourcecode.swift; path = Font.swift; sourceTree = "<group>"; };
		D2BFD6A525955564006E9E0D /* Fillable781FormView.swift */ = {isa = PBXFileReference; lastKnownFileType = sourcecode.swift; path = Fillable781FormView.swift; sourceTree = "<group>"; };
		D2BFD6AE259555FD006E9E0D /* Constants.swift */ = {isa = PBXFileReference; lastKnownFileType = sourcecode.swift; path = Constants.swift; sourceTree = "<group>"; };
		D2BFD6BD25955732006E9E0D /* Date+Ext.swift */ = {isa = PBXFileReference; lastKnownFileType = sourcecode.swift; path = "Date+Ext.swift"; sourceTree = "<group>"; };
		D2BFD70725955C78006E9E0D /* AppDelegate.swift */ = {isa = PBXFileReference; lastKnownFileType = sourcecode.swift; path = AppDelegate.swift; sourceTree = "<group>"; };
		D2BFD70C25955E39006E9E0D /* SceneDelegate.swift */ = {isa = PBXFileReference; lastKnownFileType = sourcecode.swift; path = SceneDelegate.swift; sourceTree = "<group>"; };
		D2D3E5E32597FB2B009DCDFD /* Form781+SwiftUIHelpers.swift */ = {isa = PBXFileReference; lastKnownFileType = sourcecode.swift; path = "Form781+SwiftUIHelpers.swift"; sourceTree = "<group>"; };
/* End PBXFileReference section */

/* Begin PBXFrameworksBuildPhase section */
		D2AEA8202592DB1E0099D97B /* Frameworks */ = {
			isa = PBXFrameworksBuildPhase;
			buildActionMask = 2147483647;
			files = (
			);
			runOnlyForDeploymentPostprocessing = 0;
		};
		D2AEA8362592DB200099D97B /* Frameworks */ = {
			isa = PBXFrameworksBuildPhase;
			buildActionMask = 2147483647;
			files = (
			);
			runOnlyForDeploymentPostprocessing = 0;
		};
		D2AEA8412592DB210099D97B /* Frameworks */ = {
			isa = PBXFrameworksBuildPhase;
			buildActionMask = 2147483647;
			files = (
			);
			runOnlyForDeploymentPostprocessing = 0;
		};
/* End PBXFrameworksBuildPhase section */

/* Begin PBXGroup section */
		D2A7094F2597A52200E7B122 /* Model */ = {
			isa = PBXGroup;
			children = (
				D2B76AB62597B273008FE52D /* FauxData.swift */,
				D2AEA86E25933AE50099D97B /* CoreData */,
			);
			path = Model;
			sourceTree = "<group>";
		};
		D2AEA81A2592DB1E0099D97B = {
			isa = PBXGroup;
			children = (
				D2A7094F2597A52200E7B122 /* Model */,
				D2AEA8252592DB1E0099D97B /* PBLiOS */,
				D2AEA83C2592DB200099D97B /* PBLiOSTests */,
				D2AEA8472592DB210099D97B /* PBLiOSUITests */,
				D2AEA8242592DB1E0099D97B /* Products */,
			);
			sourceTree = "<group>";
		};
		D2AEA8242592DB1E0099D97B /* Products */ = {
			isa = PBXGroup;
			children = (
				D2AEA8232592DB1E0099D97B /* PBLiOS.app */,
				D2AEA8392592DB200099D97B /* PBLiOSTests.xctest */,
				D2AEA8442592DB210099D97B /* PBLiOSUITests.xctest */,
			);
			name = Products;
			sourceTree = "<group>";
		};
		D2AEA8252592DB1E0099D97B /* PBLiOS */ = {
			isa = PBXGroup;
			children = (
				D2AEA8342592DB200099D97B /* Info.plist */,
				D2BFD7172595644A006E9E0D /* Support */,
				D2BFD6BC2595571D006E9E0D /* Extensions */,
				D2BFD6AD259555E2006E9E0D /* Constants */,
				D2BFD6A425955550006E9E0D /* Views */,
				D2BFD685259531F2006E9E0D /* Resources */,
				D2AEA82C2592DB200099D97B /* Preview Content */,
			);
			path = PBLiOS;
			sourceTree = "<group>";
		};
		D2AEA82C2592DB200099D97B /* Preview Content */ = {
			isa = PBXGroup;
			children = (
				D2AEA82D2592DB200099D97B /* Preview Assets.xcassets */,
				D2429FDD2595CF1600EB4A09 /* DevicesForPreview.swift */,
			);
			path = "Preview Content";
			sourceTree = "<group>";
		};
		D2AEA83C2592DB200099D97B /* PBLiOSTests */ = {
			isa = PBXGroup;
			children = (
				D2AEA83D2592DB200099D97B /* PBLiOSTests.swift */,
				D2AEA83F2592DB200099D97B /* Info.plist */,
			);
			path = PBLiOSTests;
			sourceTree = "<group>";
		};
		D2AEA8472592DB210099D97B /* PBLiOSUITests */ = {
			isa = PBXGroup;
			children = (
				D2AEA8482592DB210099D97B /* PBLiOSUITests.swift */,
				D2AEA84A2592DB210099D97B /* Info.plist */,
			);
			path = PBLiOSUITests;
			sourceTree = "<group>";
		};
		D2AEA86E25933AE50099D97B /* CoreData */ = {
			isa = PBXGroup;
			children = (
				D2A709402597A51400E7B122 /* AircrewData+CoreDataClass.swift */,
				D2A709412597A51400E7B122 /* AircrewData+CoreDataProperties.swift */,
				D2A709422597A51400E7B122 /* Form781+CoreDataClass.swift */,
				D2A709432597A51400E7B122 /* Form781+CoreDataProperties.swift */,
				D2D3E5E32597FB2B009DCDFD /* Form781+SwiftUIHelpers.swift */,
				D2A709442597A51400E7B122 /* Flight+CoreDataClass.swift */,
				D2A709452597A51400E7B122 /* Flight+CoreDataProperties.swift */,
				D2AEA8312592DB200099D97B /* PBLiOS.xcdatamodeld */,
				D2AEA82F2592DB200099D97B /* Persistence.swift */,
			);
			path = CoreData;
			sourceTree = "<group>";
		};
		D2BFD685259531F2006E9E0D /* Resources */ = {
			isa = PBXGroup;
			children = (
				D23BAF0E25956D07001EB217 /* fillable781v3.pdf */,
				D2AEA82A2592DB200099D97B /* Assets.xcassets */,
				D2BFD686259531FA006E9E0D /* Fonts */,
			);
			path = Resources;
			sourceTree = "<group>";
		};
		D2BFD686259531FA006E9E0D /* Fonts */ = {
			isa = PBXGroup;
			children = (
				D2BFD69325953269006E9E0D /* DMSans-Bold.ttf */,
				D2BFD69425953269006E9E0D /* DMSans-Medium.ttf */,
				D2BFD69525953269006E9E0D /* DMSans-Regular.ttf */,
				D2BFD69F25953747006E9E0D /* Font.swift */,
			);
			path = Fonts;
			sourceTree = "<group>";
		};
		D2BFD6A425955550006E9E0D /* Views */ = {
			isa = PBXGroup;
			children = (
				D2AEA8282592DB1E0099D97B /* ContentView.swift */,
				D2BFD6A525955564006E9E0D /* Fillable781FormView.swift */,
				D23BAF1925958B86001EB217 /* TestView.swift */,
			);
			path = Views;
			sourceTree = "<group>";
		};
		D2BFD6AD259555E2006E9E0D /* Constants */ = {
			isa = PBXGroup;
			children = (
				D2BFD6AE259555FD006E9E0D /* Constants.swift */,
			);
			path = Constants;
			sourceTree = "<group>";
		};
		D2BFD6BC2595571D006E9E0D /* Extensions */ = {
			isa = PBXGroup;
			children = (
				D2BFD6BD25955732006E9E0D /* Date+Ext.swift */,
			);
			path = Extensions;
			sourceTree = "<group>";
		};
		D2BFD7172595644A006E9E0D /* Support */ = {
			isa = PBXGroup;
			children = (
				D2BFD71A25956477006E9E0D /* iOS14WhenAllowed */,
				D2BFD71825956464006E9E0D /* iOS13DeleteWhen14 */,
			);
			path = Support;
			sourceTree = "<group>";
		};
		D2BFD71825956464006E9E0D /* iOS13DeleteWhen14 */ = {
			isa = PBXGroup;
			children = (
				D2BFD70725955C78006E9E0D /* AppDelegate.swift */,
				D2BFD70C25955E39006E9E0D /* SceneDelegate.swift */,
			);
			path = iOS13DeleteWhen14;
			sourceTree = "<group>";
		};
		D2BFD71A25956477006E9E0D /* iOS14WhenAllowed */ = {
			isa = PBXGroup;
			children = (
				D2AEA8262592DB1E0099D97B /* PBLiOSApp.swift */,
			);
			path = iOS14WhenAllowed;
			sourceTree = "<group>";
		};
/* End PBXGroup section */

/* Begin PBXNativeTarget section */
		D2AEA8222592DB1E0099D97B /* PBLiOS */ = {
			isa = PBXNativeTarget;
			buildConfigurationList = D2AEA84D2592DB210099D97B /* Build configuration list for PBXNativeTarget "PBLiOS" */;
			buildPhases = (
				D2AEA81F2592DB1E0099D97B /* Sources */,
				D2AEA8202592DB1E0099D97B /* Frameworks */,
				D2AEA8212592DB1E0099D97B /* Resources */,
			);
			buildRules = (
			);
			dependencies = (
			);
			name = PBLiOS;
			productName = PBLiOS;
			productReference = D2AEA8232592DB1E0099D97B /* PBLiOS.app */;
			productType = "com.apple.product-type.application";
		};
		D2AEA8382592DB200099D97B /* PBLiOSTests */ = {
			isa = PBXNativeTarget;
			buildConfigurationList = D2AEA8502592DB210099D97B /* Build configuration list for PBXNativeTarget "PBLiOSTests" */;
			buildPhases = (
				D2AEA8352592DB200099D97B /* Sources */,
				D2AEA8362592DB200099D97B /* Frameworks */,
				D2AEA8372592DB200099D97B /* Resources */,
			);
			buildRules = (
			);
			dependencies = (
				D2AEA83B2592DB200099D97B /* PBXTargetDependency */,
			);
			name = PBLiOSTests;
			productName = PBLiOSTests;
			productReference = D2AEA8392592DB200099D97B /* PBLiOSTests.xctest */;
			productType = "com.apple.product-type.bundle.unit-test";
		};
		D2AEA8432592DB210099D97B /* PBLiOSUITests */ = {
			isa = PBXNativeTarget;
			buildConfigurationList = D2AEA8532592DB210099D97B /* Build configuration list for PBXNativeTarget "PBLiOSUITests" */;
			buildPhases = (
				D2AEA8402592DB210099D97B /* Sources */,
				D2AEA8412592DB210099D97B /* Frameworks */,
				D2AEA8422592DB210099D97B /* Resources */,
			);
			buildRules = (
			);
			dependencies = (
				D2AEA8462592DB210099D97B /* PBXTargetDependency */,
			);
			name = PBLiOSUITests;
			productName = PBLiOSUITests;
			productReference = D2AEA8442592DB210099D97B /* PBLiOSUITests.xctest */;
			productType = "com.apple.product-type.bundle.ui-testing";
		};
/* End PBXNativeTarget section */

/* Begin PBXProject section */
		D2AEA81B2592DB1E0099D97B /* Project object */ = {
			isa = PBXProject;
			attributes = {
				LastSwiftUpdateCheck = 1230;
				LastUpgradeCheck = 1230;
				TargetAttributes = {
					D2AEA8222592DB1E0099D97B = {
						CreatedOnToolsVersion = 12.3;
					};
					D2AEA8382592DB200099D97B = {
						CreatedOnToolsVersion = 12.3;
						TestTargetID = D2AEA8222592DB1E0099D97B;
					};
					D2AEA8432592DB210099D97B = {
						CreatedOnToolsVersion = 12.3;
						TestTargetID = D2AEA8222592DB1E0099D97B;
					};
				};
			};
			buildConfigurationList = D2AEA81E2592DB1E0099D97B /* Build configuration list for PBXProject "PBLiOS" */;
			compatibilityVersion = "Xcode 9.3";
			developmentRegion = en;
			hasScannedForEncodings = 0;
			knownRegions = (
				en,
				Base,
			);
			mainGroup = D2AEA81A2592DB1E0099D97B;
			productRefGroup = D2AEA8242592DB1E0099D97B /* Products */;
			projectDirPath = "";
			projectRoot = "";
			targets = (
				D2AEA8222592DB1E0099D97B /* PBLiOS */,
				D2AEA8382592DB200099D97B /* PBLiOSTests */,
				D2AEA8432592DB210099D97B /* PBLiOSUITests */,
			);
		};
/* End PBXProject section */

/* Begin PBXResourcesBuildPhase section */
		D2AEA8212592DB1E0099D97B /* Resources */ = {
			isa = PBXResourcesBuildPhase;
			buildActionMask = 2147483647;
			files = (
				D2BFD69825953269006E9E0D /* DMSans-Regular.ttf in Resources */,
				D2AEA82E2592DB200099D97B /* Preview Assets.xcassets in Resources */,
				D2BFD69725953269006E9E0D /* DMSans-Medium.ttf in Resources */,
				D2BFD69625953269006E9E0D /* DMSans-Bold.ttf in Resources */,
				D2AEA82B2592DB200099D97B /* Assets.xcassets in Resources */,
				D23BAF0F25956D07001EB217 /* fillable781v3.pdf in Resources */,
			);
			runOnlyForDeploymentPostprocessing = 0;
		};
		D2AEA8372592DB200099D97B /* Resources */ = {
			isa = PBXResourcesBuildPhase;
			buildActionMask = 2147483647;
			files = (
			);
			runOnlyForDeploymentPostprocessing = 0;
		};
		D2AEA8422592DB210099D97B /* Resources */ = {
			isa = PBXResourcesBuildPhase;
			buildActionMask = 2147483647;
			files = (
			);
			runOnlyForDeploymentPostprocessing = 0;
		};
/* End PBXResourcesBuildPhase section */

/* Begin PBXSourcesBuildPhase section */
		D2AEA81F2592DB1E0099D97B /* Sources */ = {
			isa = PBXSourcesBuildPhase;
			buildActionMask = 2147483647;
			files = (
				D2B76AB72597B273008FE52D /* FauxData.swift in Sources */,
				D2BFD6A025953747006E9E0D /* Font.swift in Sources */,
				D2BFD70825955C78006E9E0D /* AppDelegate.swift in Sources */,
				D2AEA8332592DB200099D97B /* PBLiOS.xcdatamodeld in Sources */,
				D2A709462597A51400E7B122 /* AircrewData+CoreDataClass.swift in Sources */,
				D2A709492597A51400E7B122 /* Form781+CoreDataProperties.swift in Sources */,
				D2AEA8302592DB200099D97B /* Persistence.swift in Sources */,
				D2A7094A2597A51400E7B122 /* Flight+CoreDataClass.swift in Sources */,
				D2D3E5E42597FB2B009DCDFD /* Form781+SwiftUIHelpers.swift in Sources */,
				D2BFD70D25955E39006E9E0D /* SceneDelegate.swift in Sources */,
				D2429FDE2595CF1600EB4A09 /* DevicesForPreview.swift in Sources */,
				D2A7094B2597A51400E7B122 /* Flight+CoreDataProperties.swift in Sources */,
				D23BAF1A25958B86001EB217 /* TestView.swift in Sources */,
				D2BFD6A625955564006E9E0D /* Fillable781FormView.swift in Sources */,
				D2BFD6AF259555FD006E9E0D /* Constants.swift in Sources */,
				D2BFD6BE25955732006E9E0D /* Date+Ext.swift in Sources */,
				D2AEA8292592DB1E0099D97B /* ContentView.swift in Sources */,
				D2A709482597A51400E7B122 /* Form781+CoreDataClass.swift in Sources */,
				D2AEA8272592DB1E0099D97B /* PBLiOSApp.swift in Sources */,
				D2A709472597A51400E7B122 /* AircrewData+CoreDataProperties.swift in Sources */,
			);
			runOnlyForDeploymentPostprocessing = 0;
		};
		D2AEA8352592DB200099D97B /* Sources */ = {
			isa = PBXSourcesBuildPhase;
			buildActionMask = 2147483647;
			files = (
				D2AEA83E2592DB200099D97B /* PBLiOSTests.swift in Sources */,
			);
			runOnlyForDeploymentPostprocessing = 0;
		};
		D2AEA8402592DB210099D97B /* Sources */ = {
			isa = PBXSourcesBuildPhase;
			buildActionMask = 2147483647;
			files = (
				D2AEA8492592DB210099D97B /* PBLiOSUITests.swift in Sources */,
			);
			runOnlyForDeploymentPostprocessing = 0;
		};
/* End PBXSourcesBuildPhase section */

/* Begin PBXTargetDependency section */
		D2AEA83B2592DB200099D97B /* PBXTargetDependency */ = {
			isa = PBXTargetDependency;
			target = D2AEA8222592DB1E0099D97B /* PBLiOS */;
			targetProxy = D2AEA83A2592DB200099D97B /* PBXContainerItemProxy */;
		};
		D2AEA8462592DB210099D97B /* PBXTargetDependency */ = {
			isa = PBXTargetDependency;
			target = D2AEA8222592DB1E0099D97B /* PBLiOS */;
			targetProxy = D2AEA8452592DB210099D97B /* PBXContainerItemProxy */;
		};
/* End PBXTargetDependency section */

/* Begin XCBuildConfiguration section */
		D2AEA84B2592DB210099D97B /* Debug */ = {
			isa = XCBuildConfiguration;
			buildSettings = {
				ALWAYS_SEARCH_USER_PATHS = NO;
				CLANG_ANALYZER_NONNULL = YES;
				CLANG_ANALYZER_NUMBER_OBJECT_CONVERSION = YES_AGGRESSIVE;
				CLANG_CXX_LANGUAGE_STANDARD = "gnu++14";
				CLANG_CXX_LIBRARY = "libc++";
				CLANG_ENABLE_MODULES = YES;
				CLANG_ENABLE_OBJC_ARC = YES;
				CLANG_ENABLE_OBJC_WEAK = YES;
				CLANG_WARN_BLOCK_CAPTURE_AUTORELEASING = YES;
				CLANG_WARN_BOOL_CONVERSION = YES;
				CLANG_WARN_COMMA = YES;
				CLANG_WARN_CONSTANT_CONVERSION = YES;
				CLANG_WARN_DEPRECATED_OBJC_IMPLEMENTATIONS = YES;
				CLANG_WARN_DIRECT_OBJC_ISA_USAGE = YES_ERROR;
				CLANG_WARN_DOCUMENTATION_COMMENTS = YES;
				CLANG_WARN_EMPTY_BODY = YES;
				CLANG_WARN_ENUM_CONVERSION = YES;
				CLANG_WARN_INFINITE_RECURSION = YES;
				CLANG_WARN_INT_CONVERSION = YES;
				CLANG_WARN_NON_LITERAL_NULL_CONVERSION = YES;
				CLANG_WARN_OBJC_IMPLICIT_RETAIN_SELF = YES;
				CLANG_WARN_OBJC_LITERAL_CONVERSION = YES;
				CLANG_WARN_OBJC_ROOT_CLASS = YES_ERROR;
				CLANG_WARN_QUOTED_INCLUDE_IN_FRAMEWORK_HEADER = YES;
				CLANG_WARN_RANGE_LOOP_ANALYSIS = YES;
				CLANG_WARN_STRICT_PROTOTYPES = YES;
				CLANG_WARN_SUSPICIOUS_MOVE = YES;
				CLANG_WARN_UNGUARDED_AVAILABILITY = YES_AGGRESSIVE;
				CLANG_WARN_UNREACHABLE_CODE = YES;
				CLANG_WARN__DUPLICATE_METHOD_MATCH = YES;
				COPY_PHASE_STRIP = NO;
				DEBUG_INFORMATION_FORMAT = dwarf;
				ENABLE_STRICT_OBJC_MSGSEND = YES;
				ENABLE_TESTABILITY = YES;
				GCC_C_LANGUAGE_STANDARD = gnu11;
				GCC_DYNAMIC_NO_PIC = NO;
				GCC_NO_COMMON_BLOCKS = YES;
				GCC_OPTIMIZATION_LEVEL = 0;
				GCC_PREPROCESSOR_DEFINITIONS = (
					"DEBUG=1",
					"$(inherited)",
				);
				GCC_WARN_64_TO_32_BIT_CONVERSION = YES;
				GCC_WARN_ABOUT_RETURN_TYPE = YES_ERROR;
				GCC_WARN_UNDECLARED_SELECTOR = YES;
				GCC_WARN_UNINITIALIZED_AUTOS = YES_AGGRESSIVE;
				GCC_WARN_UNUSED_FUNCTION = YES;
				GCC_WARN_UNUSED_VARIABLE = YES;
				IPHONEOS_DEPLOYMENT_TARGET = 14.3;
				MTL_ENABLE_DEBUG_INFO = INCLUDE_SOURCE;
				MTL_FAST_MATH = YES;
				ONLY_ACTIVE_ARCH = YES;
				SDKROOT = iphoneos;
				SWIFT_ACTIVE_COMPILATION_CONDITIONS = DEBUG;
				SWIFT_OPTIMIZATION_LEVEL = "-Onone";
			};
			name = Debug;
		};
		D2AEA84C2592DB210099D97B /* Release */ = {
			isa = XCBuildConfiguration;
			buildSettings = {
				ALWAYS_SEARCH_USER_PATHS = NO;
				CLANG_ANALYZER_NONNULL = YES;
				CLANG_ANALYZER_NUMBER_OBJECT_CONVERSION = YES_AGGRESSIVE;
				CLANG_CXX_LANGUAGE_STANDARD = "gnu++14";
				CLANG_CXX_LIBRARY = "libc++";
				CLANG_ENABLE_MODULES = YES;
				CLANG_ENABLE_OBJC_ARC = YES;
				CLANG_ENABLE_OBJC_WEAK = YES;
				CLANG_WARN_BLOCK_CAPTURE_AUTORELEASING = YES;
				CLANG_WARN_BOOL_CONVERSION = YES;
				CLANG_WARN_COMMA = YES;
				CLANG_WARN_CONSTANT_CONVERSION = YES;
				CLANG_WARN_DEPRECATED_OBJC_IMPLEMENTATIONS = YES;
				CLANG_WARN_DIRECT_OBJC_ISA_USAGE = YES_ERROR;
				CLANG_WARN_DOCUMENTATION_COMMENTS = YES;
				CLANG_WARN_EMPTY_BODY = YES;
				CLANG_WARN_ENUM_CONVERSION = YES;
				CLANG_WARN_INFINITE_RECURSION = YES;
				CLANG_WARN_INT_CONVERSION = YES;
				CLANG_WARN_NON_LITERAL_NULL_CONVERSION = YES;
				CLANG_WARN_OBJC_IMPLICIT_RETAIN_SELF = YES;
				CLANG_WARN_OBJC_LITERAL_CONVERSION = YES;
				CLANG_WARN_OBJC_ROOT_CLASS = YES_ERROR;
				CLANG_WARN_QUOTED_INCLUDE_IN_FRAMEWORK_HEADER = YES;
				CLANG_WARN_RANGE_LOOP_ANALYSIS = YES;
				CLANG_WARN_STRICT_PROTOTYPES = YES;
				CLANG_WARN_SUSPICIOUS_MOVE = YES;
				CLANG_WARN_UNGUARDED_AVAILABILITY = YES_AGGRESSIVE;
				CLANG_WARN_UNREACHABLE_CODE = YES;
				CLANG_WARN__DUPLICATE_METHOD_MATCH = YES;
				COPY_PHASE_STRIP = NO;
				DEBUG_INFORMATION_FORMAT = "dwarf-with-dsym";
				ENABLE_NS_ASSERTIONS = NO;
				ENABLE_STRICT_OBJC_MSGSEND = YES;
				GCC_C_LANGUAGE_STANDARD = gnu11;
				GCC_NO_COMMON_BLOCKS = YES;
				GCC_WARN_64_TO_32_BIT_CONVERSION = YES;
				GCC_WARN_ABOUT_RETURN_TYPE = YES_ERROR;
				GCC_WARN_UNDECLARED_SELECTOR = YES;
				GCC_WARN_UNINITIALIZED_AUTOS = YES_AGGRESSIVE;
				GCC_WARN_UNUSED_FUNCTION = YES;
				GCC_WARN_UNUSED_VARIABLE = YES;
				IPHONEOS_DEPLOYMENT_TARGET = 14.3;
				MTL_ENABLE_DEBUG_INFO = NO;
				MTL_FAST_MATH = YES;
				SDKROOT = iphoneos;
				SWIFT_COMPILATION_MODE = wholemodule;
				SWIFT_OPTIMIZATION_LEVEL = "-O";
				VALIDATE_PRODUCT = YES;
			};
			name = Release;
		};
		D2AEA84E2592DB210099D97B /* Debug */ = {
			isa = XCBuildConfiguration;
			buildSettings = {
				ASSETCATALOG_COMPILER_APPICON_NAME = AppIcon;
				ASSETCATALOG_COMPILER_GLOBAL_ACCENT_COLOR_NAME = AccentColor;
				CODE_SIGN_STYLE = Automatic;
				DEVELOPMENT_ASSET_PATHS = "\"PBLiOS/Preview Content\"";
				DEVELOPMENT_TEAM = 4W9F335W5Y;
				ENABLE_PREVIEWS = YES;
				INFOPLIST_FILE = PBLiOS/Info.plist;
				IPHONEOS_DEPLOYMENT_TARGET = 13.5;
				LD_RUNPATH_SEARCH_PATHS = (
					"$(inherited)",
					"@executable_path/Frameworks",
				);
				PRODUCT_BUNDLE_IDENTIFIER = com.glotech.PBLiOS;
				PRODUCT_NAME = "$(TARGET_NAME)";
				SWIFT_VERSION = 5.0;
				TARGETED_DEVICE_FAMILY = "1,2";
			};
			name = Debug;
		};
		D2AEA84F2592DB210099D97B /* Release */ = {
			isa = XCBuildConfiguration;
			buildSettings = {
				ASSETCATALOG_COMPILER_APPICON_NAME = AppIcon;
				ASSETCATALOG_COMPILER_GLOBAL_ACCENT_COLOR_NAME = AccentColor;
				CODE_SIGN_STYLE = Automatic;
				DEVELOPMENT_ASSET_PATHS = "\"PBLiOS/Preview Content\"";
				DEVELOPMENT_TEAM = 4W9F335W5Y;
				ENABLE_PREVIEWS = YES;
				INFOPLIST_FILE = PBLiOS/Info.plist;
				IPHONEOS_DEPLOYMENT_TARGET = 13.5;
				LD_RUNPATH_SEARCH_PATHS = (
					"$(inherited)",
					"@executable_path/Frameworks",
				);
				PRODUCT_BUNDLE_IDENTIFIER = com.glotech.PBLiOS;
				PRODUCT_NAME = "$(TARGET_NAME)";
				SWIFT_VERSION = 5.0;
				TARGETED_DEVICE_FAMILY = "1,2";
			};
			name = Release;
		};
		D2AEA8512592DB210099D97B /* Debug */ = {
			isa = XCBuildConfiguration;
			buildSettings = {
				ALWAYS_EMBED_SWIFT_STANDARD_LIBRARIES = YES;
				BUNDLE_LOADER = "$(TEST_HOST)";
				CODE_SIGN_STYLE = Automatic;
				INFOPLIST_FILE = PBLiOSTests/Info.plist;
				IPHONEOS_DEPLOYMENT_TARGET = 14.0;
				LD_RUNPATH_SEARCH_PATHS = (
					"$(inherited)",
					"@executable_path/Frameworks",
					"@loader_path/Frameworks",
				);
				PRODUCT_BUNDLE_IDENTIFIER = com.glotech.PBLiOSTests;
				PRODUCT_NAME = "$(TARGET_NAME)";
				SWIFT_VERSION = 5.0;
				TARGETED_DEVICE_FAMILY = "1,2";
				TEST_HOST = "$(BUILT_PRODUCTS_DIR)/PBLiOS.app/PBLiOS";
			};
			name = Debug;
		};
		D2AEA8522592DB210099D97B /* Release */ = {
			isa = XCBuildConfiguration;
			buildSettings = {
				ALWAYS_EMBED_SWIFT_STANDARD_LIBRARIES = YES;
				BUNDLE_LOADER = "$(TEST_HOST)";
				CODE_SIGN_STYLE = Automatic;
				INFOPLIST_FILE = PBLiOSTests/Info.plist;
				IPHONEOS_DEPLOYMENT_TARGET = 14.0;
				LD_RUNPATH_SEARCH_PATHS = (
					"$(inherited)",
					"@executable_path/Frameworks",
					"@loader_path/Frameworks",
				);
				PRODUCT_BUNDLE_IDENTIFIER = com.glotech.PBLiOSTests;
				PRODUCT_NAME = "$(TARGET_NAME)";
				SWIFT_VERSION = 5.0;
				TARGETED_DEVICE_FAMILY = "1,2";
				TEST_HOST = "$(BUILT_PRODUCTS_DIR)/PBLiOS.app/PBLiOS";
			};
			name = Release;
		};
		D2AEA8542592DB210099D97B /* Debug */ = {
			isa = XCBuildConfiguration;
			buildSettings = {
				ALWAYS_EMBED_SWIFT_STANDARD_LIBRARIES = YES;
				CODE_SIGN_STYLE = Automatic;
				INFOPLIST_FILE = PBLiOSUITests/Info.plist;
				LD_RUNPATH_SEARCH_PATHS = (
					"$(inherited)",
					"@executable_path/Frameworks",
					"@loader_path/Frameworks",
				);
				PRODUCT_BUNDLE_IDENTIFIER = com.glotech.PBLiOSUITests;
				PRODUCT_NAME = "$(TARGET_NAME)";
				SWIFT_VERSION = 5.0;
				TARGETED_DEVICE_FAMILY = "1,2";
				TEST_TARGET_NAME = PBLiOS;
			};
			name = Debug;
		};
		D2AEA8552592DB210099D97B /* Release */ = {
			isa = XCBuildConfiguration;
			buildSettings = {
				ALWAYS_EMBED_SWIFT_STANDARD_LIBRARIES = YES;
				CODE_SIGN_STYLE = Automatic;
				INFOPLIST_FILE = PBLiOSUITests/Info.plist;
				LD_RUNPATH_SEARCH_PATHS = (
					"$(inherited)",
					"@executable_path/Frameworks",
					"@loader_path/Frameworks",
				);
				PRODUCT_BUNDLE_IDENTIFIER = com.glotech.PBLiOSUITests;
				PRODUCT_NAME = "$(TARGET_NAME)";
				SWIFT_VERSION = 5.0;
				TARGETED_DEVICE_FAMILY = "1,2";
				TEST_TARGET_NAME = PBLiOS;
			};
			name = Release;
		};
/* End XCBuildConfiguration section */

/* Begin XCConfigurationList section */
		D2AEA81E2592DB1E0099D97B /* Build configuration list for PBXProject "PBLiOS" */ = {
			isa = XCConfigurationList;
			buildConfigurations = (
				D2AEA84B2592DB210099D97B /* Debug */,
				D2AEA84C2592DB210099D97B /* Release */,
			);
			defaultConfigurationIsVisible = 0;
			defaultConfigurationName = Release;
		};
		D2AEA84D2592DB210099D97B /* Build configuration list for PBXNativeTarget "PBLiOS" */ = {
			isa = XCConfigurationList;
			buildConfigurations = (
				D2AEA84E2592DB210099D97B /* Debug */,
				D2AEA84F2592DB210099D97B /* Release */,
			);
			defaultConfigurationIsVisible = 0;
			defaultConfigurationName = Release;
		};
		D2AEA8502592DB210099D97B /* Build configuration list for PBXNativeTarget "PBLiOSTests" */ = {
			isa = XCConfigurationList;
			buildConfigurations = (
				D2AEA8512592DB210099D97B /* Debug */,
				D2AEA8522592DB210099D97B /* Release */,
			);
			defaultConfigurationIsVisible = 0;
			defaultConfigurationName = Release;
		};
		D2AEA8532592DB210099D97B /* Build configuration list for PBXNativeTarget "PBLiOSUITests" */ = {
			isa = XCConfigurationList;
			buildConfigurations = (
				D2AEA8542592DB210099D97B /* Debug */,
				D2AEA8552592DB210099D97B /* Release */,
			);
			defaultConfigurationIsVisible = 0;
			defaultConfigurationName = Release;
		};
/* End XCConfigurationList section */

/* Begin XCVersionGroup section */
		D2AEA8312592DB200099D97B /* PBLiOS.xcdatamodeld */ = {
			isa = XCVersionGroup;
			children = (
				D2AEA8322592DB200099D97B /* PBLiOS.xcdatamodel */,
			);
			currentVersion = D2AEA8322592DB200099D97B /* PBLiOS.xcdatamodel */;
			path = PBLiOS.xcdatamodeld;
			sourceTree = "<group>";
			versionGroupType = wrapper.xcdatamodel;
		};
/* End XCVersionGroup section */
	};
	rootObject = D2AEA81B2592DB1E0099D97B /* Project object */;
}
